
Microsoft Visual Studio Solution File, Format Version 12.00
# Visual Studio Version 16
VisualStudioVersion = 16.0.32901.82
MinimumVisualStudioVersion = 10.0.40219.1
Project("{FAE04EC0-301F-11D3-BF4B-00C04F79EFBC}") = "OOP_LAB 3_string+math", "OOP_LAB 3_string+math\OOP_LAB 3_string+math.csproj", "{782DC414-3CE3-4C97-88E5-DD9B94C331EE}"
EndProject
Global
	GlobalSection(SolutionConfigurationPlatforms) = preSolution
		Debug|Any CPU = Debug|Any CPU
		Release|Any CPU = Release|Any CPU
	EndGlobalSection
	GlobalSection(ProjectConfigurationPlatforms) = postSolution
		{782DC414-3CE3-4C97-88E5-DD9B94C331EE}.Debug|Any CPU.ActiveCfg = Debug|Any CPU
		{782DC414-3CE3-4C97-88E5-DD9B94C331EE}.Debug|Any CPU.Build.0 = Debug|Any CPU
		{782DC414-3CE3-4C97-88E5-DD9B94C331EE}.Release|Any CPU.ActiveCfg = Release|Any CPU
		{782DC414-3CE3-4C97-88E5-DD9B94C331EE}.Release|Any CPU.Build.0 = Release|Any CPU
	EndGlobalSection
	GlobalSection(SolutionProperties) = preSolution
		HideSolutionNode = FALSE
	EndGlobalSection
	GlobalSection(ExtensibilityGlobals) = postSolution
		SolutionGuid = {0EA9312E-5A1A-4D5F-9EE6-9781483E2509}
	EndGlobalSection
EndGlobal
